
Microsoft Visual Studio Solution File, Format Version 12.00
# Visual Studio Version 17
VisualStudioVersion = 17.2.32630.192
MinimumVisualStudioVersion = 10.0.40219.1
Project("{FAE04EC0-301F-11D3-BF4B-00C04F79EFBC}") = "Classes and Objects", "Classes and Objects.csproj", "{57B3C95D-0B95-4156-A7DF-907E324D98C7}"
EndProject
Project("{FAE04EC0-301F-11D3-BF4B-00C04F79EFBC}") = "Classes and Methods Assignment 1", "..\Classes and Methods Assignment 1\Classes and Methods Assignment 1.csproj", "{879F6EF9-6A13-4617-93A5-4B11D7ACA44F}"
EndProject
Project("{FAE04EC0-301F-11D3-BF4B-00C04F79EFBC}") = "Classes and Methods Assignment 2", "..\Classes and Methods Assignment 2\Classes and Methods Assignment 2.csproj", "{8A00802F-A259-49FB-81E7-5AE12D6F27AA}"
EndProject
Project("{FAE04EC0-301F-11D3-BF4B-00C04F79EFBC}") = "Classes and Methods Assignment 3", "..\Classes and Methods Assignment 3\Classes and Methods Assignment 3.csproj", "{F07D416B-B451-4DA6-842A-50C541408107}"
EndProject
Project("{FAE04EC0-301F-11D3-BF4B-00C04F79EFBC}") = "Class Method Assignment", "..\Class Method Assignment\Class Method Assignment.csproj", "{E2499353-1D20-4B01-B4AD-25505892540A}"
EndProject
Project("{FAE04EC0-301F-11D3-BF4B-00C04F79EFBC}") = "Inheritance Assignment", "..\Inheritance Assignment\Inheritance Assignment.csproj", "{DE53CF20-CF9A-4291-BC26-09803B407A7C}"
EndProject
Project("{FAE04EC0-301F-11D3-BF4B-00C04F79EFBC}") = "Abstract Classes Assignment", "..\Abstract Classes Assignment\Abstract Classes Assignment.csproj", "{CCA53A08-A28E-4771-A9D7-CFC49D16DCF2}"
EndProject
Project("{FAE04EC0-301F-11D3-BF4B-00C04F79EFBC}") = "Interfaces Assignment", "..\Interfaces Assignment\Interfaces Assignment.csproj", "{E72AB922-AD05-4055-861A-CDB6CE3AF9AA}"
EndProject
Project("{FAE04EC0-301F-11D3-BF4B-00C04F79EFBC}") = "Operator Overloading Assignment", "..\Operator Overloading Assignment\Operator Overloading Assignment.csproj", "{E7DE850D-5F68-4FF2-8A06-F71CEECC4C06}"
EndProject
Project("{FAE04EC0-301F-11D3-BF4B-00C04F79EFBC}") = "Generics Assignment", "..\Generics Assignment\Generics Assignment.csproj", "{680BEDE5-88E9-49ED-8DFC-29E28630072A}"
EndProject
Project("{FAE04EC0-301F-11D3-BF4B-00C04F79EFBC}") = "Enums", "..\Enums\Enums.csproj", "{9F97DA25-C932-4333-8FCE-7C5AE2D57124}"
EndProject
Project("{FAE04EC0-301F-11D3-BF4B-00C04F79EFBC}") = "Struct", "..\Struct\Struct.csproj", "{CA0C9C75-6AF1-4B9B-9D8D-8CA539EF2682}"
EndProject
Project("{FAE04EC0-301F-11D3-BF4B-00C04F79EFBC}") = "Struct Assignment", "..\Struct Assignment\Struct Assignment.csproj", "{A0F5E243-43BB-44C7-9872-A500F0E5C1FD}"
EndProject
Project("{FAE04EC0-301F-11D3-BF4B-00C04F79EFBC}") = "Lambda Expression", "..\Lambda Expression\Lambda Expression.csproj", "{9230FBB5-9624-458F-B988-AF0D48B29448}"
EndProject
Global
	GlobalSection(SolutionConfigurationPlatforms) = preSolution
		Debug|Any CPU = Debug|Any CPU
		Release|Any CPU = Release|Any CPU
	EndGlobalSection
	GlobalSection(ProjectConfigurationPlatforms) = postSolution
		{57B3C95D-0B95-4156-A7DF-907E324D98C7}.Debug|Any CPU.ActiveCfg = Debug|Any CPU
		{57B3C95D-0B95-4156-A7DF-907E324D98C7}.Debug|Any CPU.Build.0 = Debug|Any CPU
		{57B3C95D-0B95-4156-A7DF-907E324D98C7}.Release|Any CPU.ActiveCfg = Release|Any CPU
		{57B3C95D-0B95-4156-A7DF-907E324D98C7}.Release|Any CPU.Build.0 = Release|Any CPU
		{879F6EF9-6A13-4617-93A5-4B11D7ACA44F}.Debug|Any CPU.ActiveCfg = Debug|Any CPU
		{879F6EF9-6A13-4617-93A5-4B11D7ACA44F}.Debug|Any CPU.Build.0 = Debug|Any CPU
		{879F6EF9-6A13-4617-93A5-4B11D7ACA44F}.Release|Any CPU.ActiveCfg = Release|Any CPU
		{879F6EF9-6A13-4617-93A5-4B11D7ACA44F}.Release|Any CPU.Build.0 = Release|Any CPU
		{8A00802F-A259-49FB-81E7-5AE12D6F27AA}.Debug|Any CPU.ActiveCfg = Debug|Any CPU
		{8A00802F-A259-49FB-81E7-5AE12D6F27AA}.Debug|Any CPU.Build.0 = Debug|Any CPU
		{8A00802F-A259-49FB-81E7-5AE12D6F27AA}.Release|Any CPU.ActiveCfg = Release|Any CPU
		{8A00802F-A259-49FB-81E7-5AE12D6F27AA}.Release|Any CPU.Build.0 = Release|Any CPU
		{F07D416B-B451-4DA6-842A-50C541408107}.Debug|Any CPU.ActiveCfg = Debug|Any CPU
		{F07D416B-B451-4DA6-842A-50C541408107}.Debug|Any CPU.Build.0 = Debug|Any CPU
		{F07D416B-B451-4DA6-842A-50C541408107}.Release|Any CPU.ActiveCfg = Release|Any CPU
		{F07D416B-B451-4DA6-842A-50C541408107}.Release|Any CPU.Build.0 = Release|Any CPU
		{E2499353-1D20-4B01-B4AD-25505892540A}.Debug|Any CPU.ActiveCfg = Debug|Any CPU
		{E2499353-1D20-4B01-B4AD-25505892540A}.Debug|Any CPU.Build.0 = Debug|Any CPU
		{E2499353-1D20-4B01-B4AD-25505892540A}.Release|Any CPU.ActiveCfg = Release|Any CPU
		{E2499353-1D20-4B01-B4AD-25505892540A}.Release|Any CPU.Build.0 = Release|Any CPU
		{DE53CF20-CF9A-4291-BC26-09803B407A7C}.Debug|Any CPU.ActiveCfg = Debug|Any CPU
		{DE53CF20-CF9A-4291-BC26-09803B407A7C}.Debug|Any CPU.Build.0 = Debug|Any CPU
		{DE53CF20-CF9A-4291-BC26-09803B407A7C}.Release|Any CPU.ActiveCfg = Release|Any CPU
		{DE53CF20-CF9A-4291-BC26-09803B407A7C}.Release|Any CPU.Build.0 = Release|Any CPU
		{CCA53A08-A28E-4771-A9D7-CFC49D16DCF2}.Debug|Any CPU.ActiveCfg = Debug|Any CPU
		{CCA53A08-A28E-4771-A9D7-CFC49D16DCF2}.Debug|Any CPU.Build.0 = Debug|Any CPU
		{CCA53A08-A28E-4771-A9D7-CFC49D16DCF2}.Release|Any CPU.ActiveCfg = Release|Any CPU
		{CCA53A08-A28E-4771-A9D7-CFC49D16DCF2}.Release|Any CPU.Build.0 = Release|Any CPU
		{E72AB922-AD05-4055-861A-CDB6CE3AF9AA}.Debug|Any CPU.ActiveCfg = Debug|Any CPU
		{E72AB922-AD05-4055-861A-CDB6CE3AF9AA}.Debug|Any CPU.Build.0 = Debug|Any CPU
		{E72AB922-AD05-4055-861A-CDB6CE3AF9AA}.Release|Any CPU.ActiveCfg = Release|Any CPU
		{E72AB922-AD05-4055-861A-CDB6CE3AF9AA}.Release|Any CPU.Build.0 = Release|Any CPU
		{E7DE850D-5F68-4FF2-8A06-F71CEECC4C06}.Debug|Any CPU.ActiveCfg = Debug|Any CPU
		{E7DE850D-5F68-4FF2-8A06-F71CEECC4C06}.Debug|Any CPU.Build.0 = Debug|Any CPU
		{E7DE850D-5F68-4FF2-8A06-F71CEECC4C06}.Release|Any CPU.ActiveCfg = Release|Any CPU
		{E7DE850D-5F68-4FF2-8A06-F71CEECC4C06}.Release|Any CPU.Build.0 = Release|Any CPU
		{680BEDE5-88E9-49ED-8DFC-29E28630072A}.Debug|Any CPU.ActiveCfg = Debug|Any CPU
		{680BEDE5-88E9-49ED-8DFC-29E28630072A}.Debug|Any CPU.Build.0 = Debug|Any CPU
		{680BEDE5-88E9-49ED-8DFC-29E28630072A}.Release|Any CPU.ActiveCfg = Release|Any CPU
		{680BEDE5-88E9-49ED-8DFC-29E28630072A}.Release|Any CPU.Build.0 = Release|Any CPU
		{9F97DA25-C932-4333-8FCE-7C5AE2D57124}.Debug|Any CPU.ActiveCfg = Debug|Any CPU
		{9F97DA25-C932-4333-8FCE-7C5AE2D57124}.Debug|Any CPU.Build.0 = Debug|Any CPU
		{9F97DA25-C932-4333-8FCE-7C5AE2D57124}.Release|Any CPU.ActiveCfg = Release|Any CPU
		{9F97DA25-C932-4333-8FCE-7C5AE2D57124}.Release|Any CPU.Build.0 = Release|Any CPU
		{CA0C9C75-6AF1-4B9B-9D8D-8CA539EF2682}.Debug|Any CPU.ActiveCfg = Debug|Any CPU
		{CA0C9C75-6AF1-4B9B-9D8D-8CA539EF2682}.Debug|Any CPU.Build.0 = Debug|Any CPU
		{CA0C9C75-6AF1-4B9B-9D8D-8CA539EF2682}.Release|Any CPU.ActiveCfg = Release|Any CPU
		{CA0C9C75-6AF1-4B9B-9D8D-8CA539EF2682}.Release|Any CPU.Build.0 = Release|Any CPU
		{A0F5E243-43BB-44C7-9872-A500F0E5C1FD}.Debug|Any CPU.ActiveCfg = Debug|Any CPU
		{A0F5E243-43BB-44C7-9872-A500F0E5C1FD}.Debug|Any CPU.Build.0 = Debug|Any CPU
		{A0F5E243-43BB-44C7-9872-A500F0E5C1FD}.Release|Any CPU.ActiveCfg = Release|Any CPU
		{A0F5E243-43BB-44C7-9872-A500F0E5C1FD}.Release|Any CPU.Build.0 = Release|Any CPU
		{9230FBB5-9624-458F-B988-AF0D48B29448}.Debug|Any CPU.ActiveCfg = Debug|Any CPU
		{9230FBB5-9624-458F-B988-AF0D48B29448}.Debug|Any CPU.Build.0 = Debug|Any CPU
		{9230FBB5-9624-458F-B988-AF0D48B29448}.Release|Any CPU.ActiveCfg = Release|Any CPU
		{9230FBB5-9624-458F-B988-AF0D48B29448}.Release|Any CPU.Build.0 = Release|Any CPU
	EndGlobalSection
	GlobalSection(SolutionProperties) = preSolution
		HideSolutionNode = FALSE
	EndGlobalSection
	GlobalSection(ExtensibilityGlobals) = postSolution
		SolutionGuid = {236247D9-E1A6-4BE3-AF86-513820F0FCEF}
	EndGlobalSection
EndGlobal
