
Microsoft Visual Studio Solution File, Format Version 12.00
# Visual Studio Version 17
VisualStudioVersion = 17.2.32630.192
MinimumVisualStudioVersion = 10.0.40219.1
Project("{FAE04EC0-301F-11D3-BF4B-00C04F79EFBC}") = "Classes and Objects", "Classes and Objects.csproj", "{57B3C95D-0B95-4156-A7DF-907E324D98C7}"
EndProject
Project("{FAE04EC0-301F-11D3-BF4B-00C04F79EFBC}") = "Methods Assignment", "..\Methods Assignment\Methods Assignment.csproj", "{A5C84CFD-0645-4632-8299-EBFB3AA8961D}"
EndProject
Project("{FAE04EC0-301F-11D3-BF4B-00C04F79EFBC}") = "Classes and Methods Assignment 1", "..\Classes and Methods Assignment 1\Classes and Methods Assignment 1.csproj", "{879F6EF9-6A13-4617-93A5-4B11D7ACA44F}"
EndProject
Project("{FAE04EC0-301F-11D3-BF4B-00C04F79EFBC}") = "Classes and Methods Assignment 2", "..\Classes and Methods Assignment 2\Classes and Methods Assignment 2.csproj", "{8A00802F-A259-49FB-81E7-5AE12D6F27AA}"
EndProject
Global
	GlobalSection(SolutionConfigurationPlatforms) = preSolution
		Debug|Any CPU = Debug|Any CPU
		Release|Any CPU = Release|Any CPU
	EndGlobalSection
	GlobalSection(ProjectConfigurationPlatforms) = postSolution
		{57B3C95D-0B95-4156-A7DF-907E324D98C7}.Debug|Any CPU.ActiveCfg = Debug|Any CPU
		{57B3C95D-0B95-4156-A7DF-907E324D98C7}.Debug|Any CPU.Build.0 = Debug|Any CPU
		{57B3C95D-0B95-4156-A7DF-907E324D98C7}.Release|Any CPU.ActiveCfg = Release|Any CPU
		{57B3C95D-0B95-4156-A7DF-907E324D98C7}.Release|Any CPU.Build.0 = Release|Any CPU
		{A5C84CFD-0645-4632-8299-EBFB3AA8961D}.Debug|Any CPU.ActiveCfg = Debug|Any CPU
		{A5C84CFD-0645-4632-8299-EBFB3AA8961D}.Debug|Any CPU.Build.0 = Debug|Any CPU
		{A5C84CFD-0645-4632-8299-EBFB3AA8961D}.Release|Any CPU.ActiveCfg = Release|Any CPU
		{A5C84CFD-0645-4632-8299-EBFB3AA8961D}.Release|Any CPU.Build.0 = Release|Any CPU
		{879F6EF9-6A13-4617-93A5-4B11D7ACA44F}.Debug|Any CPU.ActiveCfg = Debug|Any CPU
		{879F6EF9-6A13-4617-93A5-4B11D7ACA44F}.Debug|Any CPU.Build.0 = Debug|Any CPU
		{879F6EF9-6A13-4617-93A5-4B11D7ACA44F}.Release|Any CPU.ActiveCfg = Release|Any CPU
		{879F6EF9-6A13-4617-93A5-4B11D7ACA44F}.Release|Any CPU.Build.0 = Release|Any CPU
		{8A00802F-A259-49FB-81E7-5AE12D6F27AA}.Debug|Any CPU.ActiveCfg = Debug|Any CPU
		{8A00802F-A259-49FB-81E7-5AE12D6F27AA}.Debug|Any CPU.Build.0 = Debug|Any CPU
		{8A00802F-A259-49FB-81E7-5AE12D6F27AA}.Release|Any CPU.ActiveCfg = Release|Any CPU
		{8A00802F-A259-49FB-81E7-5AE12D6F27AA}.Release|Any CPU.Build.0 = Release|Any CPU
	EndGlobalSection
	GlobalSection(SolutionProperties) = preSolution
		HideSolutionNode = FALSE
	EndGlobalSection
	GlobalSection(ExtensibilityGlobals) = postSolution
		SolutionGuid = {236247D9-E1A6-4BE3-AF86-513820F0FCEF}
	EndGlobalSection
EndGlobal
