
Microsoft Visual Studio Solution File, Format Version 12.00
# Visual Studio Version 16
VisualStudioVersion = 16.0.32602.291
MinimumVisualStudioVersion = 10.0.40219.1
Project("{FAE04EC0-301F-11D3-BF4B-00C04F79EFBC}") = "myConsoleProject.cs", "myConsoleProject.cs\myConsoleProject.cs.csproj", "{3E570A91-5F1E-428B-8AAE-2C8FDCC1B88C}"
EndProject
Global
	GlobalSection(SolutionConfigurationPlatforms) = preSolution
		Debug|Any CPU = Debug|Any CPU
		Release|Any CPU = Release|Any CPU
	EndGlobalSection
	GlobalSection(ProjectConfigurationPlatforms) = postSolution
		{3E570A91-5F1E-428B-8AAE-2C8FDCC1B88C}.Debug|Any CPU.ActiveCfg = Debug|Any CPU
		{3E570A91-5F1E-428B-8AAE-2C8FDCC1B88C}.Debug|Any CPU.Build.0 = Debug|Any CPU
		{3E570A91-5F1E-428B-8AAE-2C8FDCC1B88C}.Release|Any CPU.ActiveCfg = Release|Any CPU
		{3E570A91-5F1E-428B-8AAE-2C8FDCC1B88C}.Release|Any CPU.Build.0 = Release|Any CPU
	EndGlobalSection
	GlobalSection(SolutionProperties) = preSolution
		HideSolutionNode = FALSE
	EndGlobalSection
	GlobalSection(ExtensibilityGlobals) = postSolution
		SolutionGuid = {843597ED-811C-4B42-AFB3-5E1BDFAC16C0}
	EndGlobalSection
EndGlobal
