
Microsoft Visual Studio Solution File, Format Version 12.00
# Visual Studio Version 17
VisualStudioVersion = 17.1.32328.378
MinimumVisualStudioVersion = 10.0.40219.1
Project("{FAE04EC0-301F-11D3-BF4B-00C04F79EFBC}") = "myConsoleProject.cs", "myConsoleProject.cs\myConsoleProject.cs.csproj", "{3E570A91-5F1E-428B-8AAE-2C8FDCC1B88C}"
EndProject
Project("{FAE04EC0-301F-11D3-BF4B-00C04F79EFBC}") = "Casting", "Casting\Casting.csproj", "{709D5B7B-F1CA-446F-ABCB-1427D881EF9C}"
EndProject
Project("{FAE04EC0-301F-11D3-BF4B-00C04F79EFBC}") = "Daily Report Assignment", "Daily Report Assignment\Daily Report Assignment.csproj", "{29CCA650-BB67-4066-95C6-C80736ABA32D}"
EndProject
Project("{FAE04EC0-301F-11D3-BF4B-00C04F79EFBC}") = "MathAndComparisonOperator", "MathAndComparisonOperator\MathAndComparisonOperator.csproj", "{43E10C8C-0A7E-4A22-BAF9-BF9096508E56}"
EndProject
Project("{FAE04EC0-301F-11D3-BF4B-00C04F79EFBC}") = "Math Operation Assignment", "Math Operation Assignment\Math Operation Assignment.csproj", "{4C881BC2-8293-46E4-BE6A-20D7FB49E244}"
EndProject
Project("{FAE04EC0-301F-11D3-BF4B-00C04F79EFBC}") = "Income Comparison Assignment", "Income Comparison Assignment\Income Comparison Assignment.csproj", "{1CCF11DD-4C50-4A2F-88A0-3B397822905C}"
EndProject
Project("{FAE04EC0-301F-11D3-BF4B-00C04F79EFBC}") = "Booleans", "Booleans\Booleans.csproj", "{4325F543-4144-495D-BA04-0AD7D7B2F1B3}"
EndProject
Project("{FAE04EC0-301F-11D3-BF4B-00C04F79EFBC}") = "Boolean Logic Assignment", "Boolean Logic Assignment\Boolean Logic Assignment.csproj", "{AD218044-2559-4A86-B8F0-17DD57AD6D77}"
EndProject
Project("{FAE04EC0-301F-11D3-BF4B-00C04F79EFBC}") = "Branching", "Branching\Branching.csproj", "{24FE8742-14FC-4F4F-AA12-7B03F95A8F25}"
EndProject
Project("{FAE04EC0-301F-11D3-BF4B-00C04F79EFBC}") = "Ternary Operator", "Ternary Operator\Ternary Operator.csproj", "{C45DF5F3-84A1-4B1E-B258-B0049773D257}"
EndProject
Project("{FAE04EC0-301F-11D3-BF4B-00C04F79EFBC}") = "Price-Quote Application Assignment", "Price-Quote Application Assignment\Price-Quote Application Assignment.csproj", "{35F26B37-83D1-4A46-88A4-6B3A70CCF5EE}"
EndProject
Project("{FAE04EC0-301F-11D3-BF4B-00C04F79EFBC}") = "Loop Assignment 1 (Do While Statement)", "Loop\Loop Assignment 1 (Do While Statement).csproj", "{C735D8A7-7D9E-4C1A-B9D2-F348F4922F97}"
EndProject
Project("{FAE04EC0-301F-11D3-BF4B-00C04F79EFBC}") = "Loop Assignment 2 (While Loop)", "Loop Assignment 2 (While Loop)\Loop Assignment 2 (While Loop).csproj", "{105D3590-1CEF-49C9-9810-BBA5F75AC47E}"
EndProject
Global
	GlobalSection(SolutionConfigurationPlatforms) = preSolution
		Debug|Any CPU = Debug|Any CPU
		Release|Any CPU = Release|Any CPU
	EndGlobalSection
	GlobalSection(ProjectConfigurationPlatforms) = postSolution
		{3E570A91-5F1E-428B-8AAE-2C8FDCC1B88C}.Debug|Any CPU.ActiveCfg = Debug|Any CPU
		{3E570A91-5F1E-428B-8AAE-2C8FDCC1B88C}.Debug|Any CPU.Build.0 = Debug|Any CPU
		{3E570A91-5F1E-428B-8AAE-2C8FDCC1B88C}.Release|Any CPU.ActiveCfg = Release|Any CPU
		{3E570A91-5F1E-428B-8AAE-2C8FDCC1B88C}.Release|Any CPU.Build.0 = Release|Any CPU
		{709D5B7B-F1CA-446F-ABCB-1427D881EF9C}.Debug|Any CPU.ActiveCfg = Debug|Any CPU
		{709D5B7B-F1CA-446F-ABCB-1427D881EF9C}.Debug|Any CPU.Build.0 = Debug|Any CPU
		{709D5B7B-F1CA-446F-ABCB-1427D881EF9C}.Release|Any CPU.ActiveCfg = Release|Any CPU
		{709D5B7B-F1CA-446F-ABCB-1427D881EF9C}.Release|Any CPU.Build.0 = Release|Any CPU
		{29CCA650-BB67-4066-95C6-C80736ABA32D}.Debug|Any CPU.ActiveCfg = Debug|Any CPU
		{29CCA650-BB67-4066-95C6-C80736ABA32D}.Debug|Any CPU.Build.0 = Debug|Any CPU
		{29CCA650-BB67-4066-95C6-C80736ABA32D}.Release|Any CPU.ActiveCfg = Release|Any CPU
		{29CCA650-BB67-4066-95C6-C80736ABA32D}.Release|Any CPU.Build.0 = Release|Any CPU
		{43E10C8C-0A7E-4A22-BAF9-BF9096508E56}.Debug|Any CPU.ActiveCfg = Debug|Any CPU
		{43E10C8C-0A7E-4A22-BAF9-BF9096508E56}.Debug|Any CPU.Build.0 = Debug|Any CPU
		{43E10C8C-0A7E-4A22-BAF9-BF9096508E56}.Release|Any CPU.ActiveCfg = Release|Any CPU
		{43E10C8C-0A7E-4A22-BAF9-BF9096508E56}.Release|Any CPU.Build.0 = Release|Any CPU
		{4C881BC2-8293-46E4-BE6A-20D7FB49E244}.Debug|Any CPU.ActiveCfg = Debug|Any CPU
		{4C881BC2-8293-46E4-BE6A-20D7FB49E244}.Debug|Any CPU.Build.0 = Debug|Any CPU
		{4C881BC2-8293-46E4-BE6A-20D7FB49E244}.Release|Any CPU.ActiveCfg = Release|Any CPU
		{4C881BC2-8293-46E4-BE6A-20D7FB49E244}.Release|Any CPU.Build.0 = Release|Any CPU
		{1CCF11DD-4C50-4A2F-88A0-3B397822905C}.Debug|Any CPU.ActiveCfg = Debug|Any CPU
		{1CCF11DD-4C50-4A2F-88A0-3B397822905C}.Debug|Any CPU.Build.0 = Debug|Any CPU
		{1CCF11DD-4C50-4A2F-88A0-3B397822905C}.Release|Any CPU.ActiveCfg = Release|Any CPU
		{1CCF11DD-4C50-4A2F-88A0-3B397822905C}.Release|Any CPU.Build.0 = Release|Any CPU
		{4325F543-4144-495D-BA04-0AD7D7B2F1B3}.Debug|Any CPU.ActiveCfg = Debug|Any CPU
		{4325F543-4144-495D-BA04-0AD7D7B2F1B3}.Debug|Any CPU.Build.0 = Debug|Any CPU
		{4325F543-4144-495D-BA04-0AD7D7B2F1B3}.Release|Any CPU.ActiveCfg = Release|Any CPU
		{4325F543-4144-495D-BA04-0AD7D7B2F1B3}.Release|Any CPU.Build.0 = Release|Any CPU
		{AD218044-2559-4A86-B8F0-17DD57AD6D77}.Debug|Any CPU.ActiveCfg = Debug|Any CPU
		{AD218044-2559-4A86-B8F0-17DD57AD6D77}.Debug|Any CPU.Build.0 = Debug|Any CPU
		{AD218044-2559-4A86-B8F0-17DD57AD6D77}.Release|Any CPU.ActiveCfg = Release|Any CPU
		{AD218044-2559-4A86-B8F0-17DD57AD6D77}.Release|Any CPU.Build.0 = Release|Any CPU
		{24FE8742-14FC-4F4F-AA12-7B03F95A8F25}.Debug|Any CPU.ActiveCfg = Debug|Any CPU
		{24FE8742-14FC-4F4F-AA12-7B03F95A8F25}.Debug|Any CPU.Build.0 = Debug|Any CPU
		{24FE8742-14FC-4F4F-AA12-7B03F95A8F25}.Release|Any CPU.ActiveCfg = Release|Any CPU
		{24FE8742-14FC-4F4F-AA12-7B03F95A8F25}.Release|Any CPU.Build.0 = Release|Any CPU
		{C45DF5F3-84A1-4B1E-B258-B0049773D257}.Debug|Any CPU.ActiveCfg = Debug|Any CPU
		{C45DF5F3-84A1-4B1E-B258-B0049773D257}.Debug|Any CPU.Build.0 = Debug|Any CPU
		{C45DF5F3-84A1-4B1E-B258-B0049773D257}.Release|Any CPU.ActiveCfg = Release|Any CPU
		{C45DF5F3-84A1-4B1E-B258-B0049773D257}.Release|Any CPU.Build.0 = Release|Any CPU
		{35F26B37-83D1-4A46-88A4-6B3A70CCF5EE}.Debug|Any CPU.ActiveCfg = Debug|Any CPU
		{35F26B37-83D1-4A46-88A4-6B3A70CCF5EE}.Debug|Any CPU.Build.0 = Debug|Any CPU
		{35F26B37-83D1-4A46-88A4-6B3A70CCF5EE}.Release|Any CPU.ActiveCfg = Release|Any CPU
		{35F26B37-83D1-4A46-88A4-6B3A70CCF5EE}.Release|Any CPU.Build.0 = Release|Any CPU
		{C735D8A7-7D9E-4C1A-B9D2-F348F4922F97}.Debug|Any CPU.ActiveCfg = Debug|Any CPU
		{C735D8A7-7D9E-4C1A-B9D2-F348F4922F97}.Debug|Any CPU.Build.0 = Debug|Any CPU
		{C735D8A7-7D9E-4C1A-B9D2-F348F4922F97}.Release|Any CPU.ActiveCfg = Release|Any CPU
		{C735D8A7-7D9E-4C1A-B9D2-F348F4922F97}.Release|Any CPU.Build.0 = Release|Any CPU
		{105D3590-1CEF-49C9-9810-BBA5F75AC47E}.Debug|Any CPU.ActiveCfg = Debug|Any CPU
		{105D3590-1CEF-49C9-9810-BBA5F75AC47E}.Debug|Any CPU.Build.0 = Debug|Any CPU
		{105D3590-1CEF-49C9-9810-BBA5F75AC47E}.Release|Any CPU.ActiveCfg = Release|Any CPU
		{105D3590-1CEF-49C9-9810-BBA5F75AC47E}.Release|Any CPU.Build.0 = Release|Any CPU
	EndGlobalSection
	GlobalSection(SolutionProperties) = preSolution
		HideSolutionNode = FALSE
	EndGlobalSection
	GlobalSection(ExtensibilityGlobals) = postSolution
		SolutionGuid = {843597ED-811C-4B42-AFB3-5E1BDFAC16C0}
	EndGlobalSection
EndGlobal
